
Microsoft Visual Studio Solution File, Format Version 12.00
# Visual Studio Version 17
VisualStudioVersion = 17.7.34202.233
MinimumVisualStudioVersion = 10.0.40219.1
Project("{9A19103F-16F7-4668-BE54-9A1E7A4F7556}") = "CarRental.Server", "CarRental\Server\CarRental.Server.csproj", "{FC10A4E2-69E3-4035-9CA2-3CD1C904292D}"
EndProject
Project("{9A19103F-16F7-4668-BE54-9A1E7A4F7556}") = "CarRental.Client", "CarRental\Client\CarRental.Client.csproj", "{66C7C88F-7DA6-4D84-8236-4A1343386D6B}"
EndProject
Project("{9A19103F-16F7-4668-BE54-9A1E7A4F7556}") = "CarRental.Shared", "CarRental\Shared\CarRental.Shared.csproj", "{1E399C73-2531-4E08-8B51-B7DD57DAED27}"
EndProject
Global
	GlobalSection(SolutionConfigurationPlatforms) = preSolution
		Debug|Any CPU = Debug|Any CPU
		Release|Any CPU = Release|Any CPU
	EndGlobalSection
	GlobalSection(ProjectConfigurationPlatforms) = postSolution
		{FC10A4E2-69E3-4035-9CA2-3CD1C904292D}.Debug|Any CPU.ActiveCfg = Debug|Any CPU
		{FC10A4E2-69E3-4035-9CA2-3CD1C904292D}.Debug|Any CPU.Build.0 = Debug|Any CPU
		{FC10A4E2-69E3-4035-9CA2-3CD1C904292D}.Release|Any CPU.ActiveCfg = Release|Any CPU
		{FC10A4E2-69E3-4035-9CA2-3CD1C904292D}.Release|Any CPU.Build.0 = Release|Any CPU
		{66C7C88F-7DA6-4D84-8236-4A1343386D6B}.Debug|Any CPU.ActiveCfg = Debug|Any CPU
		{66C7C88F-7DA6-4D84-8236-4A1343386D6B}.Debug|Any CPU.Build.0 = Debug|Any CPU
		{66C7C88F-7DA6-4D84-8236-4A1343386D6B}.Release|Any CPU.ActiveCfg = Release|Any CPU
		{66C7C88F-7DA6-4D84-8236-4A1343386D6B}.Release|Any CPU.Build.0 = Release|Any CPU
		{1E399C73-2531-4E08-8B51-B7DD57DAED27}.Debug|Any CPU.ActiveCfg = Debug|Any CPU
		{1E399C73-2531-4E08-8B51-B7DD57DAED27}.Debug|Any CPU.Build.0 = Debug|Any CPU
		{1E399C73-2531-4E08-8B51-B7DD57DAED27}.Release|Any CPU.ActiveCfg = Release|Any CPU
		{1E399C73-2531-4E08-8B51-B7DD57DAED27}.Release|Any CPU.Build.0 = Release|Any CPU
	EndGlobalSection
	GlobalSection(SolutionProperties) = preSolution
		HideSolutionNode = FALSE
	EndGlobalSection
	GlobalSection(ExtensibilityGlobals) = postSolution
		SolutionGuid = {E643E816-14C7-429F-92BD-903B3B39E266}
	EndGlobalSection
EndGlobal
